// !$*UTF8*$!
{
	archiveVersion = 1;
	classes = {
	};
	objectVersion = 54;
	objects = {

/* Begin PBXBuildFile section */
		433598402F53BB0100F6E27D /* DefaultUserDataManagerTests.swift in Sources */ = {isa = PBXBuildFile; fileRef = 4335983C2F53BB0100F6E27D /* DefaultUserDataManagerTests.swift */; };
		433598412F53BB0100F6E27D /* StubCoalescibleOperation.swift in Sources */ = {isa = PBXBuildFile; fileRef = 433598352F53BB0100F6E27D /* StubCoalescibleOperation.swift */; };
		433598422F53BB0100F6E27D /* DefaultOperationQueueManagerTests.swift in Sources */ = {isa = PBXBuildFile; fileRef = 4335983E2F53BB0100F6E27D /* DefaultOperationQueueManagerTests.swift */; };
		433598432F53BB0100F6E27D /* StubCoalescibleOperationQueue.swift in Sources */ = {isa = PBXBuildFile; fileRef = 433598362F53BB0100F6E27D /* StubCoalescibleOperationQueue.swift */; };
		433598442F53BB0100F6E27D /* StubOperationFactory.swift in Sources */ = {isa = PBXBuildFile; fileRef = 433598372F53BB0100F6E27D /* StubOperationFactory.swift */; };
		433598452F53BB0100F6E27D /* TestError.swift in Sources */ = {isa = PBXBuildFile; fileRef = 433598392F53BB0100F6E27D /* TestError.swift */; };
		433598462F53BB0100F6E27D /* StubOperationQueueManager.swift in Sources */ = {isa = PBXBuildFile; fileRef = 433598382F53BB0100F6E27D /* StubOperationQueueManager.swift */; };
		433598482F53BB0100F6E27D /* DefaultCoalescibleOperationTests.swift in Sources */ = {isa = PBXBuildFile; fileRef = 4335983B2F53BB0100F6E27D /* DefaultCoalescibleOperationTests.swift */; };
		433598562F53BB1000F6E27D /* UserDataManager.swift in Sources */ = {isa = PBXBuildFile; fileRef = 4335984E2F53BB1000F6E27D /* UserDataManager.swift */; };
		434E90812F54D5040027BC5B /* UserFetchOperation.swift in Sources */ = {isa = PBXBuildFile; fileRef = 434E90802F54D5040027BC5B /* UserFetchOperation.swift */; };
		434E90822F54D5040027BC5B /* AnyCoalescibleOperationConvertible.swift in Sources */ = {isa = PBXBuildFile; fileRef = 434E907C2F54D5040027BC5B /* AnyCoalescibleOperationConvertible.swift */; };
		434E90832F54D5040027BC5B /* OperationQueueManager.swift in Sources */ = {isa = PBXBuildFile; fileRef = 434E907F2F54D5040027BC5B /* OperationQueueManager.swift */; };
		434E90842F54D5040027BC5B /* AnyCoalescibleOperation.swift in Sources */ = {isa = PBXBuildFile; fileRef = 434E907B2F54D5040027BC5B /* AnyCoalescibleOperation.swift */; };
		434E90852F54D5040027BC5B /* OperationFactory.swift in Sources */ = {isa = PBXBuildFile; fileRef = 434E907E2F54D5040027BC5B /* OperationFactory.swift */; };
		434E90862F54D5040027BC5B /* CoalescibleOperation.swift in Sources */ = {isa = PBXBuildFile; fileRef = 434E907D2F54D5040027BC5B /* CoalescibleOperation.swift */; };
		91A968EC1D6E493E00902542 /* AppDelegate.swift in Sources */ = {isa = PBXBuildFile; fileRef = 91A968E21D6E493E00902542 /* AppDelegate.swift */; };
		91A968F11D6E493E00902542 /* ViewController.swift in Sources */ = {isa = PBXBuildFile; fileRef = 91A968EB1D6E493E00902542 /* ViewController.swift */; };
		91A968F91D6E496200902542 /* Assets.xcassets in Resources */ = {isa = PBXBuildFile; fileRef = 91A968F31D6E496200902542 /* Assets.xcassets */; };
		91A968FA1D6E496200902542 /* LaunchScreen.storyboard in Resources */ = {isa = PBXBuildFile; fileRef = 91A968F51D6E496200902542 /* LaunchScreen.storyboard */; };
		91A968FB1D6E496200902542 /* Main.storyboard in Resources */ = {isa = PBXBuildFile; fileRef = 91A968F71D6E496200902542 /* Main.storyboard */; };
/* End PBXBuildFile section */

/* Begin PBXContainerItemProxy section */
		91A968D31D6E48F900902542 /* PBXContainerItemProxy */ = {
			isa = PBXContainerItemProxy;
			containerPortal = 91A968B61D6E48F900902542 /* Project object */;
			proxyType = 1;
			remoteGlobalIDString = 91A968BD1D6E48F900902542;
			remoteInfo = "CoalescingOperations-Example";
		};
/* End PBXContainerItemProxy section */

/* Begin PBXFileReference section */
		433598352F53BB0100F6E27D /* StubCoalescibleOperation.swift */ = {isa = PBXFileReference; lastKnownFileType = sourcecode.swift; path = StubCoalescibleOperation.swift; sourceTree = "<group>"; };
		433598362F53BB0100F6E27D /* StubCoalescibleOperationQueue.swift */ = {isa = PBXFileReference; lastKnownFileType = sourcecode.swift; path = StubCoalescibleOperationQueue.swift; sourceTree = "<group>"; };
		433598372F53BB0100F6E27D /* StubOperationFactory.swift */ = {isa = PBXFileReference; lastKnownFileType = sourcecode.swift; path = StubOperationFactory.swift; sourceTree = "<group>"; };
		433598382F53BB0100F6E27D /* StubOperationQueueManager.swift */ = {isa = PBXFileReference; lastKnownFileType = sourcecode.swift; path = StubOperationQueueManager.swift; sourceTree = "<group>"; };
		433598392F53BB0100F6E27D /* TestError.swift */ = {isa = PBXFileReference; lastKnownFileType = sourcecode.swift; path = TestError.swift; sourceTree = "<group>"; };
		4335983B2F53BB0100F6E27D /* DefaultCoalescibleOperationTests.swift */ = {isa = PBXFileReference; lastKnownFileType = sourcecode.swift; path = DefaultCoalescibleOperationTests.swift; sourceTree = "<group>"; };
		4335983C2F53BB0100F6E27D /* DefaultUserDataManagerTests.swift */ = {isa = PBXFileReference; lastKnownFileType = sourcecode.swift; path = DefaultUserDataManagerTests.swift; sourceTree = "<group>"; };
		4335983E2F53BB0100F6E27D /* DefaultOperationQueueManagerTests.swift */ = {isa = PBXFileReference; lastKnownFileType = sourcecode.swift; path = DefaultOperationQueueManagerTests.swift; sourceTree = "<group>"; };
		4335984E2F53BB1000F6E27D /* UserDataManager.swift */ = {isa = PBXFileReference; lastKnownFileType = sourcecode.swift; path = UserDataManager.swift; sourceTree = "<group>"; };
		434E907B2F54D5040027BC5B /* AnyCoalescibleOperation.swift */ = {isa = PBXFileReference; lastKnownFileType = sourcecode.swift; path = AnyCoalescibleOperation.swift; sourceTree = "<group>"; };
		434E907C2F54D5040027BC5B /* AnyCoalescibleOperationConvertible.swift */ = {isa = PBXFileReference; lastKnownFileType = sourcecode.swift; path = AnyCoalescibleOperationConvertible.swift; sourceTree = "<group>"; };
		434E907D2F54D5040027BC5B /* CoalescibleOperation.swift */ = {isa = PBXFileReference; lastKnownFileType = sourcecode.swift; path = CoalescibleOperation.swift; sourceTree = "<group>"; };
		434E907E2F54D5040027BC5B /* OperationFactory.swift */ = {isa = PBXFileReference; lastKnownFileType = sourcecode.swift; path = OperationFactory.swift; sourceTree = "<group>"; };
		434E907F2F54D5040027BC5B /* OperationQueueManager.swift */ = {isa = PBXFileReference; lastKnownFileType = sourcecode.swift; path = OperationQueueManager.swift; sourceTree = "<group>"; };
		434E90802F54D5040027BC5B /* UserFetchOperation.swift */ = {isa = PBXFileReference; lastKnownFileType = sourcecode.swift; path = UserFetchOperation.swift; sourceTree = "<group>"; };
		91A968BE1D6E48F900902542 /* CoalescingOperationsReducedBoilerplate-Example.app */ = {isa = PBXFileReference; explicitFileType = wrapper.application; includeInIndex = 0; path = "CoalescingOperationsReducedBoilerplate-Example.app"; sourceTree = BUILT_PRODUCTS_DIR; };
		91A968D21D6E48F900902542 /* CoalescingOperationsReducedBoilerplate-ExampleTests.xctest */ = {isa = PBXFileReference; explicitFileType = wrapper.cfbundle; includeInIndex = 0; path = "CoalescingOperationsReducedBoilerplate-ExampleTests.xctest"; sourceTree = BUILT_PRODUCTS_DIR; };
		91A968D81D6E48F900902542 /* Info.plist */ = {isa = PBXFileReference; lastKnownFileType = text.plist.xml; path = Info.plist; sourceTree = "<group>"; };
		91A968E21D6E493E00902542 /* AppDelegate.swift */ = {isa = PBXFileReference; fileEncoding = 4; lastKnownFileType = sourcecode.swift; path = AppDelegate.swift; sourceTree = "<group>"; };
		91A968E31D6E493E00902542 /* Info.plist */ = {isa = PBXFileReference; fileEncoding = 4; lastKnownFileType = text.plist.xml; path = Info.plist; sourceTree = "<group>"; };
		91A968EB1D6E493E00902542 /* ViewController.swift */ = {isa = PBXFileReference; fileEncoding = 4; lastKnownFileType = sourcecode.swift; path = ViewController.swift; sourceTree = "<group>"; };
		91A968F31D6E496200902542 /* Assets.xcassets */ = {isa = PBXFileReference; lastKnownFileType = folder.assetcatalog; path = Assets.xcassets; sourceTree = "<group>"; };
		91A968F61D6E496200902542 /* Base */ = {isa = PBXFileReference; lastKnownFileType = file.storyboard; name = Base; path = Base.lproj/LaunchScreen.storyboard; sourceTree = "<group>"; };
		91A968F81D6E496200902542 /* Base */ = {isa = PBXFileReference; lastKnownFileType = file.storyboard; name = Base; path = Base.lproj/Main.storyboard; sourceTree = "<group>"; };
/* End PBXFileReference section */

/* Begin PBXFrameworksBuildPhase section */
		91A968BB1D6E48F900902542 /* Frameworks */ = {
			isa = PBXFrameworksBuildPhase;
			buildActionMask = 2147483647;
			files = (
			);
			runOnlyForDeploymentPostprocessing = 0;
		};
		91A968CF1D6E48F900902542 /* Frameworks */ = {
			isa = PBXFrameworksBuildPhase;
			buildActionMask = 2147483647;
			files = (
			);
			runOnlyForDeploymentPostprocessing = 0;
		};
/* End PBXFrameworksBuildPhase section */

/* Begin PBXGroup section */
		4335983A2F53BB0100F6E27D /* Doubles */ = {
			isa = PBXGroup;
			children = (
				433598352F53BB0100F6E27D /* StubCoalescibleOperation.swift */,
				433598362F53BB0100F6E27D /* StubCoalescibleOperationQueue.swift */,
				433598372F53BB0100F6E27D /* StubOperationFactory.swift */,
				433598382F53BB0100F6E27D /* StubOperationQueueManager.swift */,
				433598392F53BB0100F6E27D /* TestError.swift */,
			);
			path = Doubles;
			sourceTree = "<group>";
		};
		4335983F2F53BB0100F6E27D /* Tests */ = {
			isa = PBXGroup;
			children = (
				4335983B2F53BB0100F6E27D /* DefaultCoalescibleOperationTests.swift */,
				4335983C2F53BB0100F6E27D /* DefaultUserDataManagerTests.swift */,
				4335983E2F53BB0100F6E27D /* DefaultOperationQueueManagerTests.swift */,
			);
			path = Tests;
			sourceTree = "<group>";
		};
		4335984F2F53BB1000F6E27D /* Coalescing */ = {
			isa = PBXGroup;
			children = (
				434E907B2F54D5040027BC5B /* AnyCoalescibleOperation.swift */,
				434E907C2F54D5040027BC5B /* AnyCoalescibleOperationConvertible.swift */,
				434E907D2F54D5040027BC5B /* CoalescibleOperation.swift */,
				434E907E2F54D5040027BC5B /* OperationFactory.swift */,
				434E907F2F54D5040027BC5B /* OperationQueueManager.swift */,
				434E90802F54D5040027BC5B /* UserFetchOperation.swift */,
				4335984E2F53BB1000F6E27D /* UserDataManager.swift */,
			);
			path = Coalescing;
			sourceTree = "<group>";
		};
		91A968B51D6E48F900902542 = {
			isa = PBXGroup;
			children = (
				91A968C01D6E48F900902542 /* CoalescingOperationsReducedBoilerplate-Example */,
				91A968D51D6E48F900902542 /* CoalescingOperationsReducedBoilerplate-ExampleTests */,
				91A968BF1D6E48F900902542 /* Products */,
			);
			sourceTree = "<group>";
		};
		91A968BF1D6E48F900902542 /* Products */ = {
			isa = PBXGroup;
			children = (
				91A968BE1D6E48F900902542 /* CoalescingOperationsReducedBoilerplate-Example.app */,
				91A968D21D6E48F900902542 /* CoalescingOperationsReducedBoilerplate-ExampleTests.xctest */,
			);
			name = Products;
			sourceTree = "<group>";
		};
		91A968C01D6E48F900902542 /* CoalescingOperationsReducedBoilerplate-Example */ = {
			isa = PBXGroup;
			children = (
				4335984F2F53BB1000F6E27D /* Coalescing */,
				91A968E11D6E493E00902542 /* Application */,
				91A968E41D6E493E00902542 /* Resources */,
				91A968EA1D6E493E00902542 /* ViewControllers */,
			);
			path = "CoalescingOperationsReducedBoilerplate-Example";
			sourceTree = "<group>";
		};
		91A968D51D6E48F900902542 /* CoalescingOperationsReducedBoilerplate-ExampleTests */ = {
			isa = PBXGroup;
			children = (
				4335983A2F53BB0100F6E27D /* Doubles */,
				4335983F2F53BB0100F6E27D /* Tests */,
				91A968D81D6E48F900902542 /* Info.plist */,
			);
			path = "CoalescingOperationsReducedBoilerplate-ExampleTests";
			sourceTree = "<group>";
		};
		91A968E11D6E493E00902542 /* Application */ = {
			isa = PBXGroup;
			children = (
				91A968E21D6E493E00902542 /* AppDelegate.swift */,
				91A968E31D6E493E00902542 /* Info.plist */,
			);
			path = Application;
			sourceTree = "<group>";
		};
		91A968E41D6E493E00902542 /* Resources */ = {
			isa = PBXGroup;
			children = (
				91A968F21D6E496200902542 /* Images */,
				91A968F41D6E496200902542 /* Storyboards */,
			);
			path = Resources;
			sourceTree = "<group>";
		};
		91A968EA1D6E493E00902542 /* ViewControllers */ = {
			isa = PBXGroup;
			children = (
				91A968EB1D6E493E00902542 /* ViewController.swift */,
			);
			path = ViewControllers;
			sourceTree = "<group>";
		};
		91A968F21D6E496200902542 /* Images */ = {
			isa = PBXGroup;
			children = (
				91A968F31D6E496200902542 /* Assets.xcassets */,
			);
			path = Images;
			sourceTree = "<group>";
		};
		91A968F41D6E496200902542 /* Storyboards */ = {
			isa = PBXGroup;
			children = (
				91A968F51D6E496200902542 /* LaunchScreen.storyboard */,
				91A968F71D6E496200902542 /* Main.storyboard */,
			);
			path = Storyboards;
			sourceTree = "<group>";
		};
/* End PBXGroup section */

/* Begin PBXNativeTarget section */
		91A968BD1D6E48F900902542 /* CoalescingOperationsReducedBoilerplate-Example */ = {
			isa = PBXNativeTarget;
			buildConfigurationList = 91A968DB1D6E48F900902542 /* Build configuration list for PBXNativeTarget "CoalescingOperationsReducedBoilerplate-Example" */;
			buildPhases = (
				91A968BA1D6E48F900902542 /* Sources */,
				91A968BB1D6E48F900902542 /* Frameworks */,
				91A968BC1D6E48F900902542 /* Resources */,
			);
			buildRules = (
			);
			dependencies = (
			);
			name = "CoalescingOperationsReducedBoilerplate-Example";
			productName = "CoalescingOperations-Example";
			productReference = 91A968BE1D6E48F900902542 /* CoalescingOperationsReducedBoilerplate-Example.app */;
			productType = "com.apple.product-type.application";
		};
		91A968D11D6E48F900902542 /* CoalescingOperationsReducedBoilerplate-ExampleTests */ = {
			isa = PBXNativeTarget;
			buildConfigurationList = 91A968DE1D6E48F900902542 /* Build configuration list for PBXNativeTarget "CoalescingOperationsReducedBoilerplate-ExampleTests" */;
			buildPhases = (
				91A968CE1D6E48F900902542 /* Sources */,
				91A968CF1D6E48F900902542 /* Frameworks */,
				91A968D01D6E48F900902542 /* Resources */,
			);
			buildRules = (
			);
			dependencies = (
				91A968D41D6E48F900902542 /* PBXTargetDependency */,
			);
			name = "CoalescingOperationsReducedBoilerplate-ExampleTests";
			productName = "CoalescingOperations-ExampleTests";
			productReference = 91A968D21D6E48F900902542 /* CoalescingOperationsReducedBoilerplate-ExampleTests.xctest */;
			productType = "com.apple.product-type.bundle.unit-test";
		};
/* End PBXNativeTarget section */

/* Begin PBXProject section */
		91A968B61D6E48F900902542 /* Project object */ = {
			isa = PBXProject;
			attributes = {
				BuildIndependentTargetsInParallel = YES;
				LastSwiftUpdateCheck = 0730;
				LastUpgradeCheck = 2620;
				ORGANIZATIONNAME = Boles;
				TargetAttributes = {
					91A968BD1D6E48F900902542 = {
						CreatedOnToolsVersion = 7.3.1;
					};
					91A968D11D6E48F900902542 = {
						CreatedOnToolsVersion = 7.3.1;
						TestTargetID = 91A968BD1D6E48F900902542;
					};
				};
			};
			buildConfigurationList = 91A968B91D6E48F900902542 /* Build configuration list for PBXProject "CoalescingOperationsReducedBoilerplate-Example" */;
			compatibilityVersion = "Xcode 3.2";
			developmentRegion = en;
			hasScannedForEncodings = 0;
			knownRegions = (
				en,
				Base,
			);
			mainGroup = 91A968B51D6E48F900902542;
			productRefGroup = 91A968BF1D6E48F900902542 /* Products */;
			projectDirPath = "";
			projectRoot = "";
			targets = (
				91A968BD1D6E48F900902542 /* CoalescingOperationsReducedBoilerplate-Example */,
				91A968D11D6E48F900902542 /* CoalescingOperationsReducedBoilerplate-ExampleTests */,
			);
		};
/* End PBXProject section */

/* Begin PBXResourcesBuildPhase section */
		91A968BC1D6E48F900902542 /* Resources */ = {
			isa = PBXResourcesBuildPhase;
			buildActionMask = 2147483647;
			files = (
				91A968FA1D6E496200902542 /* LaunchScreen.storyboard in Resources */,
				91A968F91D6E496200902542 /* Assets.xcassets in Resources */,
				91A968FB1D6E496200902542 /* Main.storyboard in Resources */,
			);
			runOnlyForDeploymentPostprocessing = 0;
		};
		91A968D01D6E48F900902542 /* Resources */ = {
			isa = PBXResourcesBuildPhase;
			buildActionMask = 2147483647;
			files = (
			);
			runOnlyForDeploymentPostprocessing = 0;
		};
/* End PBXResourcesBuildPhase section */

/* Begin PBXSourcesBuildPhase section */
		91A968BA1D6E48F900902542 /* Sources */ = {
			isa = PBXSourcesBuildPhase;
			buildActionMask = 2147483647;
			files = (
				434E90812F54D5040027BC5B /* UserFetchOperation.swift in Sources */,
				434E90822F54D5040027BC5B /* AnyCoalescibleOperationConvertible.swift in Sources */,
				434E90832F54D5040027BC5B /* OperationQueueManager.swift in Sources */,
				434E90842F54D5040027BC5B /* AnyCoalescibleOperation.swift in Sources */,
				434E90852F54D5040027BC5B /* OperationFactory.swift in Sources */,
				434E90862F54D5040027BC5B /* CoalescibleOperation.swift in Sources */,
				91A968F11D6E493E00902542 /* ViewController.swift in Sources */,
				433598562F53BB1000F6E27D /* UserDataManager.swift in Sources */,
				91A968EC1D6E493E00902542 /* AppDelegate.swift in Sources */,
			);
			runOnlyForDeploymentPostprocessing = 0;
		};
		91A968CE1D6E48F900902542 /* Sources */ = {
			isa = PBXSourcesBuildPhase;
			buildActionMask = 2147483647;
			files = (
				433598402F53BB0100F6E27D /* DefaultUserDataManagerTests.swift in Sources */,
				433598412F53BB0100F6E27D /* StubCoalescibleOperation.swift in Sources */,
				433598422F53BB0100F6E27D /* DefaultOperationQueueManagerTests.swift in Sources */,
				433598432F53BB0100F6E27D /* StubCoalescibleOperationQueue.swift in Sources */,
				433598442F53BB0100F6E27D /* StubOperationFactory.swift in Sources */,
				433598452F53BB0100F6E27D /* TestError.swift in Sources */,
				433598462F53BB0100F6E27D /* StubOperationQueueManager.swift in Sources */,
				433598482F53BB0100F6E27D /* DefaultCoalescibleOperationTests.swift in Sources */,
			);
			runOnlyForDeploymentPostprocessing = 0;
		};
/* End PBXSourcesBuildPhase section */

/* Begin PBXTargetDependency section */
		91A968D41D6E48F900902542 /* PBXTargetDependency */ = {
			isa = PBXTargetDependency;
			target = 91A968BD1D6E48F900902542 /* CoalescingOperationsReducedBoilerplate-Example */;
			targetProxy = 91A968D31D6E48F900902542 /* PBXContainerItemProxy */;
		};
/* End PBXTargetDependency section */

/* Begin PBXVariantGroup section */
		91A968F51D6E496200902542 /* LaunchScreen.storyboard */ = {
			isa = PBXVariantGroup;
			children = (
				91A968F61D6E496200902542 /* Base */,
			);
			name = LaunchScreen.storyboard;
			sourceTree = "<group>";
		};
		91A968F71D6E496200902542 /* Main.storyboard */ = {
			isa = PBXVariantGroup;
			children = (
				91A968F81D6E496200902542 /* Base */,
			);
			name = Main.storyboard;
			sourceTree = "<group>";
		};
/* End PBXVariantGroup section */

/* Begin XCBuildConfiguration section */
		91A968D91D6E48F900902542 /* Debug */ = {
			isa = XCBuildConfiguration;
			buildSettings = {
				ALWAYS_SEARCH_USER_PATHS = NO;
				CLANG_ANALYZER_LOCALIZABILITY_NONLOCALIZED = YES;
				CLANG_ANALYZER_NONNULL = YES;
				CLANG_CXX_LANGUAGE_STANDARD = "gnu++0x";
				CLANG_CXX_LIBRARY = "libc++";
				CLANG_ENABLE_MODULES = YES;
				CLANG_ENABLE_OBJC_ARC = YES;
				CLANG_WARN_BLOCK_CAPTURE_AUTORELEASING = YES;
				CLANG_WARN_BOOL_CONVERSION = YES;
				CLANG_WARN_COMMA = YES;
				CLANG_WARN_CONSTANT_CONVERSION = YES;
				CLANG_WARN_DEPRECATED_OBJC_IMPLEMENTATIONS = YES;
				CLANG_WARN_DIRECT_OBJC_ISA_USAGE = YES_ERROR;
				CLANG_WARN_EMPTY_BODY = YES;
				CLANG_WARN_ENUM_CONVERSION = YES;
				CLANG_WARN_INFINITE_RECURSION = YES;
				CLANG_WARN_INT_CONVERSION = YES;
				CLANG_WARN_NON_LITERAL_NULL_CONVERSION = YES;
				CLANG_WARN_OBJC_IMPLICIT_RETAIN_SELF = YES;
				CLANG_WARN_OBJC_LITERAL_CONVERSION = YES;
				CLANG_WARN_OBJC_ROOT_CLASS = YES_ERROR;
				CLANG_WARN_QUOTED_INCLUDE_IN_FRAMEWORK_HEADER = YES;
				CLANG_WARN_RANGE_LOOP_ANALYSIS = YES;
				CLANG_WARN_STRICT_PROTOTYPES = YES;
				CLANG_WARN_SUSPICIOUS_MOVE = YES;
				CLANG_WARN_UNREACHABLE_CODE = YES;
				CLANG_WARN__DUPLICATE_METHOD_MATCH = YES;
				"CODE_SIGN_IDENTITY[sdk=iphoneos*]" = "iPhone Developer";
				COPY_PHASE_STRIP = NO;
				DEBUG_INFORMATION_FORMAT = dwarf;
				ENABLE_STRICT_OBJC_MSGSEND = YES;
				ENABLE_TESTABILITY = YES;
				ENABLE_USER_SCRIPT_SANDBOXING = YES;
				GCC_C_LANGUAGE_STANDARD = gnu99;
				GCC_DYNAMIC_NO_PIC = NO;
				GCC_NO_COMMON_BLOCKS = YES;
				GCC_OPTIMIZATION_LEVEL = 0;
				GCC_PREPROCESSOR_DEFINITIONS = (
					"DEBUG=1",
					"$(inherited)",
				);
				GCC_WARN_64_TO_32_BIT_CONVERSION = YES;
				GCC_WARN_ABOUT_RETURN_TYPE = YES_ERROR;
				GCC_WARN_UNDECLARED_SELECTOR = YES;
				GCC_WARN_UNINITIALIZED_AUTOS = YES_AGGRESSIVE;
				GCC_WARN_UNUSED_FUNCTION = YES;
				GCC_WARN_UNUSED_VARIABLE = YES;
				IPHONEOS_DEPLOYMENT_TARGET = 12.0;
				MTL_ENABLE_DEBUG_INFO = YES;
				ONLY_ACTIVE_ARCH = YES;
				SDKROOT = iphoneos;
				STRING_CATALOG_GENERATE_SYMBOLS = YES;
				SWIFT_DEFAULT_ACTOR_ISOLATION = MainActor;
				SWIFT_OPTIMIZATION_LEVEL = "-Onone";
				SWIFT_VERSION = 4.0;
				TARGETED_DEVICE_FAMILY = "1,2";
			};
			name = Debug;
		};
		91A968DA1D6E48F900902542 /* Release */ = {
			isa = XCBuildConfiguration;
			buildSettings = {
				ALWAYS_SEARCH_USER_PATHS = NO;
				CLANG_ANALYZER_LOCALIZABILITY_NONLOCALIZED = YES;
				CLANG_ANALYZER_NONNULL = YES;
				CLANG_CXX_LANGUAGE_STANDARD = "gnu++0x";
				CLANG_CXX_LIBRARY = "libc++";
				CLANG_ENABLE_MODULES = YES;
				CLANG_ENABLE_OBJC_ARC = YES;
				CLANG_WARN_BLOCK_CAPTURE_AUTORELEASING = YES;
				CLANG_WARN_BOOL_CONVERSION = YES;
				CLANG_WARN_COMMA = YES;
				CLANG_WARN_CONSTANT_CONVERSION = YES;
				CLANG_WARN_DEPRECATED_OBJC_IMPLEMENTATIONS = YES;
				CLANG_WARN_DIRECT_OBJC_ISA_USAGE = YES_ERROR;
				CLANG_WARN_EMPTY_BODY = YES;
				CLANG_WARN_ENUM_CONVERSION = YES;
				CLANG_WARN_INFINITE_RECURSION = YES;
				CLANG_WARN_INT_CONVERSION = YES;
				CLANG_WARN_NON_LITERAL_NULL_CONVERSION = YES;
				CLANG_WARN_OBJC_IMPLICIT_RETAIN_SELF = YES;
				CLANG_WARN_OBJC_LITERAL_CONVERSION = YES;
				CLANG_WARN_OBJC_ROOT_CLASS = YES_ERROR;
				CLANG_WARN_QUOTED_INCLUDE_IN_FRAMEWORK_HEADER = YES;
				CLANG_WARN_RANGE_LOOP_ANALYSIS = YES;
				CLANG_WARN_STRICT_PROTOTYPES = YES;
				CLANG_WARN_SUSPICIOUS_MOVE = YES;
				CLANG_WARN_UNREACHABLE_CODE = YES;
				CLANG_WARN__DUPLICATE_METHOD_MATCH = YES;
				"CODE_SIGN_IDENTITY[sdk=iphoneos*]" = "iPhone Developer";
				COPY_PHASE_STRIP = NO;
				DEBUG_INFORMATION_FORMAT = "dwarf-with-dsym";
				ENABLE_NS_ASSERTIONS = NO;
				ENABLE_STRICT_OBJC_MSGSEND = YES;
				ENABLE_USER_SCRIPT_SANDBOXING = YES;
				GCC_C_LANGUAGE_STANDARD = gnu99;
				GCC_NO_COMMON_BLOCKS = YES;
				GCC_WARN_64_TO_32_BIT_CONVERSION = YES;
				GCC_WARN_ABOUT_RETURN_TYPE = YES_ERROR;
				GCC_WARN_UNDECLARED_SELECTOR = YES;
				GCC_WARN_UNINITIALIZED_AUTOS = YES_AGGRESSIVE;
				GCC_WARN_UNUSED_FUNCTION = YES;
				GCC_WARN_UNUSED_VARIABLE = YES;
				IPHONEOS_DEPLOYMENT_TARGET = 12.0;
				MTL_ENABLE_DEBUG_INFO = NO;
				SDKROOT = iphoneos;
				STRING_CATALOG_GENERATE_SYMBOLS = YES;
				SWIFT_COMPILATION_MODE = wholemodule;
				SWIFT_DEFAULT_ACTOR_ISOLATION = MainActor;
				SWIFT_VERSION = 4.0;
				TARGETED_DEVICE_FAMILY = "1,2";
				VALIDATE_PRODUCT = YES;
			};
			name = Release;
		};
		91A968DC1D6E48F900902542 /* Debug */ = {
			isa = XCBuildConfiguration;
			buildSettings = {
				ASSETCATALOG_COMPILER_APPICON_NAME = AppIcon;
				INFOPLIST_FILE = "CoalescingOperationsReducedBoilerplate-Example/Application/Info.plist";
				IPHONEOS_DEPLOYMENT_TARGET = 15.6;
				LD_RUNPATH_SEARCH_PATHS = (
					"$(inherited)",
					"@executable_path/Frameworks",
				);
				PRODUCT_BUNDLE_IDENTIFIER = "boles.CoalescingOperationsReducedBoilerplate-Example";
				PRODUCT_NAME = "$(TARGET_NAME)";
				SUPPORTED_PLATFORMS = "iphoneos iphonesimulator";
				SUPPORTS_MACCATALYST = NO;
				SUPPORTS_MAC_DESIGNED_FOR_IPHONE_IPAD = NO;
				SUPPORTS_XR_DESIGNED_FOR_IPHONE_IPAD = NO;
				TARGETED_DEVICE_FAMILY = 1;
			};
			name = Debug;
		};
		91A968DD1D6E48F900902542 /* Release */ = {
			isa = XCBuildConfiguration;
			buildSettings = {
				ASSETCATALOG_COMPILER_APPICON_NAME = AppIcon;
				INFOPLIST_FILE = "CoalescingOperationsReducedBoilerplate-Example/Application/Info.plist";
				IPHONEOS_DEPLOYMENT_TARGET = 15.6;
				LD_RUNPATH_SEARCH_PATHS = (
					"$(inherited)",
					"@executable_path/Frameworks",
				);
				PRODUCT_BUNDLE_IDENTIFIER = "boles.CoalescingOperationsReducedBoilerplate-Example";
				PRODUCT_NAME = "$(TARGET_NAME)";
				SUPPORTED_PLATFORMS = "iphoneos iphonesimulator";
				SUPPORTS_MACCATALYST = NO;
				SUPPORTS_MAC_DESIGNED_FOR_IPHONE_IPAD = NO;
				SUPPORTS_XR_DESIGNED_FOR_IPHONE_IPAD = NO;
				TARGETED_DEVICE_FAMILY = 1;
			};
			name = Release;
		};
		91A968DF1D6E48F900902542 /* Debug */ = {
			isa = XCBuildConfiguration;
			buildSettings = {
				BUNDLE_LOADER = "$(TEST_HOST)";
				INFOPLIST_FILE = "CoalescingOperationsReducedBoilerplate-ExampleTests/Info.plist";
				IPHONEOS_DEPLOYMENT_TARGET = 15.6;
				LD_RUNPATH_SEARCH_PATHS = (
					"$(inherited)",
					"@executable_path/Frameworks",
					"@loader_path/Frameworks",
				);
				PRODUCT_BUNDLE_IDENTIFIER = "boles.CoalescingOperationsReducedBoilerplate-ExampleTests";
				PRODUCT_NAME = "$(TARGET_NAME)";
				SUPPORTED_PLATFORMS = "iphoneos iphonesimulator";
				SUPPORTS_MACCATALYST = NO;
				SUPPORTS_MAC_DESIGNED_FOR_IPHONE_IPAD = NO;
				SUPPORTS_XR_DESIGNED_FOR_IPHONE_IPAD = NO;
				TARGETED_DEVICE_FAMILY = 1;
				TEST_HOST = "$(BUILT_PRODUCTS_DIR)/CoalescingOperationsReducedBoilerplate-Example.app/CoalescingOperationsReducedBoilerplate-Example";
			};
			name = Debug;
		};
		91A968E01D6E48F900902542 /* Release */ = {
			isa = XCBuildConfiguration;
			buildSettings = {
				BUNDLE_LOADER = "$(TEST_HOST)";
				INFOPLIST_FILE = "CoalescingOperationsReducedBoilerplate-ExampleTests/Info.plist";
				IPHONEOS_DEPLOYMENT_TARGET = 15.6;
				LD_RUNPATH_SEARCH_PATHS = (
					"$(inherited)",
					"@executable_path/Frameworks",
					"@loader_path/Frameworks",
				);
				PRODUCT_BUNDLE_IDENTIFIER = "boles.CoalescingOperationsReducedBoilerplate-ExampleTests";
				PRODUCT_NAME = "$(TARGET_NAME)";
				SUPPORTED_PLATFORMS = "iphoneos iphonesimulator";
				SUPPORTS_MACCATALYST = NO;
				SUPPORTS_MAC_DESIGNED_FOR_IPHONE_IPAD = NO;
				SUPPORTS_XR_DESIGNED_FOR_IPHONE_IPAD = NO;
				TARGETED_DEVICE_FAMILY = 1;
				TEST_HOST = "$(BUILT_PRODUCTS_DIR)/CoalescingOperationsReducedBoilerplate-Example.app/CoalescingOperationsReducedBoilerplate-Example";
			};
			name = Release;
		};
/* End XCBuildConfiguration section */

/* Begin XCConfigurationList section */
		91A968B91D6E48F900902542 /* Build configuration list for PBXProject "CoalescingOperationsReducedBoilerplate-Example" */ = {
			isa = XCConfigurationList;
			buildConfigurations = (
				91A968D91D6E48F900902542 /* Debug */,
				91A968DA1D6E48F900902542 /* Release */,
			);
			defaultConfigurationIsVisible = 0;
			defaultConfigurationName = Release;
		};
		91A968DB1D6E48F900902542 /* Build configuration list for PBXNativeTarget "CoalescingOperationsReducedBoilerplate-Example" */ = {
			isa = XCConfigurationList;
			buildConfigurations = (
				91A968DC1D6E48F900902542 /* Debug */,
				91A968DD1D6E48F900902542 /* Release */,
			);
			defaultConfigurationIsVisible = 0;
			defaultConfigurationName = Release;
		};
		91A968DE1D6E48F900902542 /* Build configuration list for PBXNativeTarget "CoalescingOperationsReducedBoilerplate-ExampleTests" */ = {
			isa = XCConfigurationList;
			buildConfigurations = (
				91A968DF1D6E48F900902542 /* Debug */,
				91A968E01D6E48F900902542 /* Release */,
			);
			defaultConfigurationIsVisible = 0;
			defaultConfigurationName = Release;
		};
/* End XCConfigurationList section */
	};
	rootObject = 91A968B61D6E48F900902542 /* Project object */;
}
